
Microsoft Visual Studio Solution File, Format Version 12.00
# Visual Studio Version 16
VisualStudioVersion = 16.0.30804.86
MinimumVisualStudioVersion = 10.0.40219.1
Project("{FAE04EC0-301F-11D3-BF4B-00C04F79EFBC}") = "BL", "BL\BL.csproj", "{60A30B86-A3D5-405D-A26B-F2729FEDE57E}"
EndProject
Project("{FAE04EC0-301F-11D3-BF4B-00C04F79EFBC}") = "DAL", "DAL\DAL.csproj", "{30CF6411-F962-4C26-9F2B-CC4B0E0AECC4}"
EndProject
Project("{FAE04EC0-301F-11D3-BF4B-00C04F79EFBC}") = "PL", "PL\PL.csproj", "{38222574-833C-45A7-886B-973878D60DA1}"
EndProject
Project("{FAE04EC0-301F-11D3-BF4B-00C04F79EFBC}") = "BE", "BE\BE.csproj", "{EEECF44E-710A-4D76-B080-B0304BA121A6}"
EndProject
Project("{2150E333-8FDC-42A3-9474-1A3956D46DE8}") = "Pictures", "Pictures", "{BD6F4305-CFFB-43FE-B0F2-1E9112F13A4A}"
	ProjectSection(SolutionItems) = preProject
		Pictures\add.png = Pictures\add.png
		Pictures\analyze.png = Pictures\analyze.png
		Pictures\bar-chart.png = Pictures\bar-chart.png
		Pictures\cancel.png = Pictures\cancel.png
		Pictures\carousel.png = Pictures\carousel.png
		Pictures\catalog.png = Pictures\catalog.png
		Pictures\checkout.png = Pictures\checkout.png
		Pictures\error.png = Pictures\error.png
		Pictures\graph.png = Pictures\graph.png
		Pictures\grocery-cart.png = Pictures\grocery-cart.png
		Pictures\list.png = Pictures\list.png
		Pictures\open.png = Pictures\open.png
		Pictures\open2.png = Pictures\open2.png
		Pictures\openn.png = Pictures\openn.png
		Pictures\outline_analytics_black_24dp.png = Pictures\outline_analytics_black_24dp.png
		Pictures\outline_insights_black_24dp.png = Pictures\outline_insights_black_24dp.png
		Pictures\outline_menu_black_24dp.png = Pictures\outline_menu_black_24dp.png
		Pictures\outline_reviews_black_24dp.png = Pictures\outline_reviews_black_24dp.png
		Pictures\outline_shopping_cart_black_24dp.png = Pictures\outline_shopping_cart_black_24dp.png
		Pictures\pie-chart.png = Pictures\pie-chart.png
		Pictures\plus.png = Pictures\plus.png
		Pictures\reward.png = Pictures\reward.png
		Pictures\shopping_cart.png = Pictures\shopping_cart.png
		Pictures\shopping_cart_2.png = Pictures\shopping_cart_2.png
		Pictures\welcome.png = Pictures\welcome.png
	EndProjectSection
EndProject
Project("{FAE04EC0-301F-11D3-BF4B-00C04F79EFBC}") = "firebase", "firebase\firebase.csproj", "{008D5952-3CD3-4467-A551-4E08781601FD}"
EndProject
Project("{2150E333-8FDC-42A3-9474-1A3956D46DE8}") = "ProductPictures", "ProductPictures", "{C0BDCA8F-3F2D-4154-A36A-D9F8F3099C39}"
	ProjectSection(SolutionItems) = preProject
		ProductPictures\apple.png = ProductPictures\apple.png
		ProductPictures\art.png = ProductPictures\art.png
		ProductPictures\bread.png = ProductPictures\bread.png
		ProductPictures\bronzer.png = ProductPictures\bronzer.png
		ProductPictures\burger.png = ProductPictures\burger.png
		ProductPictures\cap.png = ProductPictures\cap.png
		ProductPictures\carrot.png = ProductPictures\carrot.png
		ProductPictures\cheese.png = ProductPictures\cheese.png
		ProductPictures\clip.png = ProductPictures\clip.png
		ProductPictures\coat.png = ProductPictures\coat.png
		ProductPictures\concealer.png = ProductPictures\concealer.png
		ProductPictures\corn.png = ProductPictures\corn.png
		ProductPictures\crayons.png = ProductPictures\crayons.png
		ProductPictures\cutter.png = ProductPictures\cutter.png
		ProductPictures\desktop.png = ProductPictures\desktop.png
		ProductPictures\dress.png = ProductPictures\dress.png
		ProductPictures\earbuds.png = ProductPictures\earbuds.png
		ProductPictures\electronic-book.png = ProductPictures\electronic-book.png
		ProductPictures\Eye shadow x9.png = ProductPictures\Eye shadow x9.png
		ProductPictures\fancy shirt.png = ProductPictures\fancy shirt.png
		ProductPictures\game-controlers.png = ProductPictures\game-controlers.png
		ProductPictures\glue.png = ProductPictures\glue.png
		ProductPictures\headphones.png = ProductPictures\headphones.png
		ProductPictures\highlighters.png = ProductPictures\highlighters.png
		ProductPictures\hot-dog.png = ProductPictures\hot-dog.png
		ProductPictures\iphone.png = ProductPictures\iphone.png
		ProductPictures\leather-jacket.png = ProductPictures\leather-jacket.png
		ProductPictures\MacBook.png = ProductPictures\MacBook.png
		ProductPictures\makeup-brush.png = ProductPictures\makeup-brush.png
		ProductPictures\makeup-remover.png = ProductPictures\makeup-remover.png
		ProductPictures\mascara.png = ProductPictures\mascara.png
		ProductPictures\matte lipstick.png = ProductPictures\matte lipstick.png
		ProductPictures\Monoply Deal.png = ProductPictures\Monoply Deal.png
		ProductPictures\Monoply Junior.png = ProductPictures\Monoply Junior.png
		ProductPictures\noodles.png = ProductPictures\noodles.png
		ProductPictures\notebooks.png = ProductPictures\notebooks.png
		ProductPictures\ombre skirt.png = ProductPictures\ombre skirt.png
		ProductPictures\orange.png = ProductPictures\orange.png
		ProductPictures\pants.png = ProductPictures\pants.png
		ProductPictures\pear.png = ProductPictures\pear.png
		ProductPictures\pen.png = ProductPictures\pen.png
		ProductPictures\pencil-sharpener.png = ProductPictures\pencil-sharpener.png
		ProductPictures\phone charger.png = ProductPictures\phone charger.png
		ProductPictures\ping-pong.png = ProductPictures\ping-pong.png
		ProductPictures\pizza.png = ProductPictures\pizza.png
		ProductPictures\poker-cards.png = ProductPictures\poker-cards.png
		ProductPictures\popcorn.png = ProductPictures\popcorn.png
		ProductPictures\powder blush.png = ProductPictures\powder blush.png
		ProductPictures\puzzle.png = ProductPictures\puzzle.png
		ProductPictures\roasted-chicken.png = ProductPictures\roasted-chicken.png
		ProductPictures\rubik.png = ProductPictures\rubik.png
		ProductPictures\salad.png = ProductPictures\salad.png
		ProductPictures\scarf.png = ProductPictures\scarf.png
		ProductPictures\scissors.png = ProductPictures\scissors.png
		ProductPictures\shirt.png = ProductPictures\shirt.png
		ProductPictures\skirt.png = ProductPictures\skirt.png
		ProductPictures\stapler.png = ProductPictures\stapler.png
		ProductPictures\suit.png = ProductPictures\suit.png
		ProductPictures\taco.png = ProductPictures\taco.png
		ProductPictures\telephone.png = ProductPictures\telephone.png
		ProductPictures\tv.png = ProductPictures\tv.png
		ProductPictures\watermelon.png = ProductPictures\watermelon.png
	EndProjectSection
EndProject
Project("{2150E333-8FDC-42A3-9474-1A3956D46DE8}") = "qr-codes", "qr-codes", "{183203FC-D1DD-4BC1-845A-26D0E472C690}"
	ProjectSection(SolutionItems) = preProject
		qr-codes\1 - apple.png = qr-codes\1 - apple.png
		qr-codes\10 - macbook.png = qr-codes\10 - macbook.png
		qr-codes\100 - headphones.png = qr-codes\100 - headphones.png
		qr-codes\101 - rubik.png = qr-codes\101 - rubik.png
		qr-codes\102 - puzzle.png = qr-codes\102 - puzzle.png
		qr-codes\103 - ping-pong.png = qr-codes\103 - ping-pong.png
		qr-codes\104 - poker-cards.png = qr-codes\104 - poker-cards.png
		qr-codes\105 - art.png = qr-codes\105 - art.png
		qr-codes\106 - clip.png = qr-codes\106 - clip.png
		qr-codes\107 - crayons.png = qr-codes\107 - crayons.png
		qr-codes\108 - cutter.png = qr-codes\108 - cutter.png
		qr-codes\109 - stapler.png = qr-codes\109 - stapler.png
		qr-codes\11 - powderblush.png = qr-codes\11 - powderblush.png
		qr-codes\110 - glue.png = qr-codes\110 - glue.png
		qr-codes\111 - scissors.png = qr-codes\111 - scissors.png
		qr-codes\112 - pencil-sharpener.png = qr-codes\112 - pencil-sharpener.png
		qr-codes\113 - highlighters.png = qr-codes\113 - highlighters.png
		qr-codes\12 - mattelipstick.png = qr-codes\12 - mattelipstick.png
		qr-codes\13 - eyeshadowx9.png = qr-codes\13 - eyeshadowx9.png
		qr-codes\14 - monoplydeal.png = qr-codes\14 - monoplydeal.png
		qr-codes\15 - monoplyjunior.png = qr-codes\15 - monoplyjunior.png
		qr-codes\17 - phonecharger.png = qr-codes\17 - phonecharger.png
		qr-codes\18 - notebooks.png = qr-codes\18 - notebooks.png
		qr-codes\19 - pen.png = qr-codes\19 - pen.png
		qr-codes\2 - pear.png = qr-codes\2 - pear.png
		qr-codes\3 - popcorn.png = qr-codes\3 - popcorn.png
		qr-codes\4 - pizza.png = qr-codes\4 - pizza.png
		qr-codes\5 - shirt.png = qr-codes\5 - shirt.png
		qr-codes\6 - fancyshirt.png = qr-codes\6 - fancyshirt.png
		qr-codes\7 - pants.png = qr-codes\7 - pants.png
		qr-codes\71 - hot-dog.png = qr-codes\71 - hot-dog.png
		qr-codes\72 - roasted-chicken.png = qr-codes\72 - roasted-chicken.png
		qr-codes\73 - burger.png = qr-codes\73 - burger.png
		qr-codes\74 - noodles.png = qr-codes\74 - noodles.png
		qr-codes\75 - carrot.png = qr-codes\75 - carrot.png
		qr-codes\76 - taco.png = qr-codes\76 - taco.png
		qr-codes\77 - orange.png = qr-codes\77 - orange.png
		qr-codes\78 - bread.png = qr-codes\78 - bread.png
		qr-codes\79 - watermelon.png = qr-codes\79 - watermelon.png
		qr-codes\8 - ombreskirt.png = qr-codes\8 - ombreskirt.png
		qr-codes\80 - cheese.png = qr-codes\80 - cheese.png
		qr-codes\81 - salad.png = qr-codes\81 - salad.png
		qr-codes\82 - corn.png = qr-codes\82 - corn.png
		qr-codes\83 - dress.png = qr-codes\83 - dress.png
		qr-codes\84 - cap.png = qr-codes\84 - cap.png
		qr-codes\85 - coat.png = qr-codes\85 - coat.png
		qr-codes\86 - suit.png = qr-codes\86 - suit.png
		qr-codes\87 - leather-jacket.png = qr-codes\87 - leather-jacket.png
		qr-codes\88 - scarf.png = qr-codes\88 - scarf.png
		qr-codes\89 - makeup-brush.png = qr-codes\89 - makeup-brush.png
		qr-codes\9 - skirt.png = qr-codes\9 - skirt.png
		qr-codes\90 - concealer.png = qr-codes\90 - concealer.png
		qr-codes\91 - bronzer.png = qr-codes\91 - bronzer.png
		qr-codes\92 - mascara.png = qr-codes\92 - mascara.png
		qr-codes\93 - makeup-remover.png = qr-codes\93 - makeup-remover.png
		qr-codes\94 - desktop.png = qr-codes\94 - desktop.png
		qr-codes\95 - tv.png = qr-codes\95 - tv.png
		qr-codes\96 - electronic-book.png = qr-codes\96 - electronic-book.png
		qr-codes\97 - iphone.png = qr-codes\97 - iphone.png
		qr-codes\98 - telephone.png = qr-codes\98 - telephone.png
		qr-codes\99 - earbuds.png = qr-codes\99 - earbuds.png
	EndProjectSection
EndProject
Global
	GlobalSection(SolutionConfigurationPlatforms) = preSolution
		Debug|Any CPU = Debug|Any CPU
		Debug|x64 = Debug|x64
		Debug|x86 = Debug|x86
		Release|Any CPU = Release|Any CPU
		Release|x64 = Release|x64
		Release|x86 = Release|x86
	EndGlobalSection
	GlobalSection(ProjectConfigurationPlatforms) = postSolution
		{60A30B86-A3D5-405D-A26B-F2729FEDE57E}.Debug|Any CPU.ActiveCfg = Debug|Any CPU
		{60A30B86-A3D5-405D-A26B-F2729FEDE57E}.Debug|Any CPU.Build.0 = Debug|Any CPU
		{60A30B86-A3D5-405D-A26B-F2729FEDE57E}.Debug|x64.ActiveCfg = Debug|Any CPU
		{60A30B86-A3D5-405D-A26B-F2729FEDE57E}.Debug|x64.Build.0 = Debug|Any CPU
		{60A30B86-A3D5-405D-A26B-F2729FEDE57E}.Debug|x86.ActiveCfg = Debug|Any CPU
		{60A30B86-A3D5-405D-A26B-F2729FEDE57E}.Debug|x86.Build.0 = Debug|Any CPU
		{60A30B86-A3D5-405D-A26B-F2729FEDE57E}.Release|Any CPU.ActiveCfg = Release|Any CPU
		{60A30B86-A3D5-405D-A26B-F2729FEDE57E}.Release|Any CPU.Build.0 = Release|Any CPU
		{60A30B86-A3D5-405D-A26B-F2729FEDE57E}.Release|x64.ActiveCfg = Release|Any CPU
		{60A30B86-A3D5-405D-A26B-F2729FEDE57E}.Release|x64.Build.0 = Release|Any CPU
		{60A30B86-A3D5-405D-A26B-F2729FEDE57E}.Release|x86.ActiveCfg = Release|Any CPU
		{60A30B86-A3D5-405D-A26B-F2729FEDE57E}.Release|x86.Build.0 = Release|Any CPU
		{30CF6411-F962-4C26-9F2B-CC4B0E0AECC4}.Debug|Any CPU.ActiveCfg = Debug|Any CPU
		{30CF6411-F962-4C26-9F2B-CC4B0E0AECC4}.Debug|Any CPU.Build.0 = Debug|Any CPU
		{30CF6411-F962-4C26-9F2B-CC4B0E0AECC4}.Debug|x64.ActiveCfg = Debug|Any CPU
		{30CF6411-F962-4C26-9F2B-CC4B0E0AECC4}.Debug|x64.Build.0 = Debug|Any CPU
		{30CF6411-F962-4C26-9F2B-CC4B0E0AECC4}.Debug|x86.ActiveCfg = Debug|Any CPU
		{30CF6411-F962-4C26-9F2B-CC4B0E0AECC4}.Debug|x86.Build.0 = Debug|Any CPU
		{30CF6411-F962-4C26-9F2B-CC4B0E0AECC4}.Release|Any CPU.ActiveCfg = Release|Any CPU
		{30CF6411-F962-4C26-9F2B-CC4B0E0AECC4}.Release|Any CPU.Build.0 = Release|Any CPU
		{30CF6411-F962-4C26-9F2B-CC4B0E0AECC4}.Release|x64.ActiveCfg = Release|Any CPU
		{30CF6411-F962-4C26-9F2B-CC4B0E0AECC4}.Release|x64.Build.0 = Release|Any CPU
		{30CF6411-F962-4C26-9F2B-CC4B0E0AECC4}.Release|x86.ActiveCfg = Release|Any CPU
		{30CF6411-F962-4C26-9F2B-CC4B0E0AECC4}.Release|x86.Build.0 = Release|Any CPU
		{38222574-833C-45A7-886B-973878D60DA1}.Debug|Any CPU.ActiveCfg = Debug|Any CPU
		{38222574-833C-45A7-886B-973878D60DA1}.Debug|Any CPU.Build.0 = Debug|Any CPU
		{38222574-833C-45A7-886B-973878D60DA1}.Debug|x64.ActiveCfg = Debug|Any CPU
		{38222574-833C-45A7-886B-973878D60DA1}.Debug|x64.Build.0 = Debug|Any CPU
		{38222574-833C-45A7-886B-973878D60DA1}.Debug|x86.ActiveCfg = Debug|Any CPU
		{38222574-833C-45A7-886B-973878D60DA1}.Debug|x86.Build.0 = Debug|Any CPU
		{38222574-833C-45A7-886B-973878D60DA1}.Release|Any CPU.ActiveCfg = Release|Any CPU
		{38222574-833C-45A7-886B-973878D60DA1}.Release|Any CPU.Build.0 = Release|Any CPU
		{38222574-833C-45A7-886B-973878D60DA1}.Release|x64.ActiveCfg = Release|Any CPU
		{38222574-833C-45A7-886B-973878D60DA1}.Release|x64.Build.0 = Release|Any CPU
		{38222574-833C-45A7-886B-973878D60DA1}.Release|x86.ActiveCfg = Release|Any CPU
		{38222574-833C-45A7-886B-973878D60DA1}.Release|x86.Build.0 = Release|Any CPU
		{EEECF44E-710A-4D76-B080-B0304BA121A6}.Debug|Any CPU.ActiveCfg = Debug|Any CPU
		{EEECF44E-710A-4D76-B080-B0304BA121A6}.Debug|Any CPU.Build.0 = Debug|Any CPU
		{EEECF44E-710A-4D76-B080-B0304BA121A6}.Debug|x64.ActiveCfg = Debug|Any CPU
		{EEECF44E-710A-4D76-B080-B0304BA121A6}.Debug|x64.Build.0 = Debug|Any CPU
		{EEECF44E-710A-4D76-B080-B0304BA121A6}.Debug|x86.ActiveCfg = Debug|Any CPU
		{EEECF44E-710A-4D76-B080-B0304BA121A6}.Debug|x86.Build.0 = Debug|Any CPU
		{EEECF44E-710A-4D76-B080-B0304BA121A6}.Release|Any CPU.ActiveCfg = Release|Any CPU
		{EEECF44E-710A-4D76-B080-B0304BA121A6}.Release|Any CPU.Build.0 = Release|Any CPU
		{EEECF44E-710A-4D76-B080-B0304BA121A6}.Release|x64.ActiveCfg = Release|Any CPU
		{EEECF44E-710A-4D76-B080-B0304BA121A6}.Release|x64.Build.0 = Release|Any CPU
		{EEECF44E-710A-4D76-B080-B0304BA121A6}.Release|x86.ActiveCfg = Release|Any CPU
		{EEECF44E-710A-4D76-B080-B0304BA121A6}.Release|x86.Build.0 = Release|Any CPU
		{008D5952-3CD3-4467-A551-4E08781601FD}.Debug|Any CPU.ActiveCfg = Debug|Any CPU
		{008D5952-3CD3-4467-A551-4E08781601FD}.Debug|Any CPU.Build.0 = Debug|Any CPU
		{008D5952-3CD3-4467-A551-4E08781601FD}.Debug|x64.ActiveCfg = Debug|Any CPU
		{008D5952-3CD3-4467-A551-4E08781601FD}.Debug|x64.Build.0 = Debug|Any CPU
		{008D5952-3CD3-4467-A551-4E08781601FD}.Debug|x86.ActiveCfg = Debug|Any CPU
		{008D5952-3CD3-4467-A551-4E08781601FD}.Debug|x86.Build.0 = Debug|Any CPU
		{008D5952-3CD3-4467-A551-4E08781601FD}.Release|Any CPU.ActiveCfg = Release|Any CPU
		{008D5952-3CD3-4467-A551-4E08781601FD}.Release|Any CPU.Build.0 = Release|Any CPU
		{008D5952-3CD3-4467-A551-4E08781601FD}.Release|x64.ActiveCfg = Release|Any CPU
		{008D5952-3CD3-4467-A551-4E08781601FD}.Release|x64.Build.0 = Release|Any CPU
		{008D5952-3CD3-4467-A551-4E08781601FD}.Release|x86.ActiveCfg = Release|Any CPU
		{008D5952-3CD3-4467-A551-4E08781601FD}.Release|x86.Build.0 = Release|Any CPU
	EndGlobalSection
	GlobalSection(SolutionProperties) = preSolution
		HideSolutionNode = FALSE
	EndGlobalSection
	GlobalSection(ExtensibilityGlobals) = postSolution
		SolutionGuid = {8A7E4903-1569-4ECA-86F9-F86B140106ED}
	EndGlobalSection
EndGlobal
